
Microsoft Visual Studio Solution File, Format Version 12.00
# Visual Studio Version 16
VisualStudioVersion = 16.0.29709.97
MinimumVisualStudioVersion = 10.0.40219.1
Project("{FAE04EC0-301F-11D3-BF4B-00C04F79EFBC}") = "PullRequestPractice", "PullRequestPractice\PullRequestPractice.csproj", "{8C6897B7-ACCE-472F-816F-0F544892A505}"
EndProject
Global
	GlobalSection(SolutionConfigurationPlatforms) = preSolution
		Debug|Any CPU = Debug|Any CPU
		Release|Any CPU = Release|Any CPU
	EndGlobalSection
	GlobalSection(ProjectConfigurationPlatforms) = postSolution
		{8C6897B7-ACCE-472F-816F-0F544892A505}.Debug|Any CPU.ActiveCfg = Debug|Any CPU
		{8C6897B7-ACCE-472F-816F-0F544892A505}.Debug|Any CPU.Build.0 = Debug|Any CPU
		{8C6897B7-ACCE-472F-816F-0F544892A505}.Release|Any CPU.ActiveCfg = Release|Any CPU
		{8C6897B7-ACCE-472F-816F-0F544892A505}.Release|Any CPU.Build.0 = Release|Any CPU
	EndGlobalSection
	GlobalSection(SolutionProperties) = preSolution
		HideSolutionNode = FALSE
	EndGlobalSection
	GlobalSection(ExtensibilityGlobals) = postSolution
		SolutionGuid = {C2B181EA-78B3-40D1-BB28-7C400F7E0C17}
	EndGlobalSection
EndGlobal
